
Microsoft Visual Studio Solution File, Format Version 12.00
# Visual Studio Version 16
VisualStudioVersion = 16.0.34031.81
MinimumVisualStudioVersion = 10.0.40219.1
Project("{8BC9CEB8-8B4A-11D0-8D11-00A0C91BC942}") = "phpSQLtask01", "phpSQLtask01.vcxproj", "{F09DA592-F2E9-4731-A48A-2D670D9CC0ED}"
EndProject
Global
	GlobalSection(SolutionConfigurationPlatforms) = preSolution
		Debug|x64 = Debug|x64
		Debug|x86 = Debug|x86
		Release|x64 = Release|x64
		Release|x86 = Release|x86
	EndGlobalSection
	GlobalSection(ProjectConfigurationPlatforms) = postSolution
		{F09DA592-F2E9-4731-A48A-2D670D9CC0ED}.Debug|x64.ActiveCfg = Debug|x64
		{F09DA592-F2E9-4731-A48A-2D670D9CC0ED}.Debug|x64.Build.0 = Debug|x64
		{F09DA592-F2E9-4731-A48A-2D670D9CC0ED}.Debug|x86.ActiveCfg = Debug|Win32
		{F09DA592-F2E9-4731-A48A-2D670D9CC0ED}.Debug|x86.Build.0 = Debug|Win32
		{F09DA592-F2E9-4731-A48A-2D670D9CC0ED}.Release|x64.ActiveCfg = Release|x64
		{F09DA592-F2E9-4731-A48A-2D670D9CC0ED}.Release|x64.Build.0 = Release|x64
		{F09DA592-F2E9-4731-A48A-2D670D9CC0ED}.Release|x86.ActiveCfg = Release|Win32
		{F09DA592-F2E9-4731-A48A-2D670D9CC0ED}.Release|x86.Build.0 = Release|Win32
	EndGlobalSection
	GlobalSection(SolutionProperties) = preSolution
		HideSolutionNode = FALSE
	EndGlobalSection
	GlobalSection(ExtensibilityGlobals) = postSolution
		SolutionGuid = {35800338-9D64-4F92-9EEB-8296DE0559E3}
	EndGlobalSection
EndGlobal
